
Microsoft Visual Studio Solution File, Format Version 12.00
# Visual Studio Version 17
VisualStudioVersion = 17.13.35806.99 d17.13
MinimumVisualStudioVersion = 10.0.40219.1
Project("{FAE04EC0-301F-11D3-BF4B-00C04F79EFBC}") = "MergeSort", "MergeSort\MergeSort.csproj", "{8E087AC5-D7B0-43C4-A566-F5F173E1F2D0}"
EndProject
Global
	GlobalSection(SolutionConfigurationPlatforms) = preSolution
		Debug|Any CPU = Debug|Any CPU
		Release|Any CPU = Release|Any CPU
	EndGlobalSection
	GlobalSection(ProjectConfigurationPlatforms) = postSolution
		{8E087AC5-D7B0-43C4-A566-F5F173E1F2D0}.Debug|Any CPU.ActiveCfg = Debug|Any CPU
		{8E087AC5-D7B0-43C4-A566-F5F173E1F2D0}.Debug|Any CPU.Build.0 = Debug|Any CPU
		{8E087AC5-D7B0-43C4-A566-F5F173E1F2D0}.Release|Any CPU.ActiveCfg = Release|Any CPU
		{8E087AC5-D7B0-43C4-A566-F5F173E1F2D0}.Release|Any CPU.Build.0 = Release|Any CPU
	EndGlobalSection
	GlobalSection(SolutionProperties) = preSolution
		HideSolutionNode = FALSE
	EndGlobalSection
	GlobalSection(ExtensibilityGlobals) = postSolution
		SolutionGuid = {A15A9D7F-7F68-4AE6-9F47-E9879DC23FE0}
	EndGlobalSection
EndGlobal
